
Microsoft Visual Studio Solution File, Format Version 12.00
# Visual Studio Version 16
VisualStudioVersion = 16.0.29519.181
MinimumVisualStudioVersion = 10.0.40219.1
Project("{FAE04EC0-301F-11D3-BF4B-00C04F79EFBC}") = "DepartmentEmployeeMVC", "DepartmentEmployeeMVC\DepartmentEmployeeMVC.csproj", "{FE95DDB2-BBF5-4694-87B7-3886843E4ED8}"
EndProject
Global
	GlobalSection(SolutionConfigurationPlatforms) = preSolution
		Debug|Any CPU = Debug|Any CPU
		Release|Any CPU = Release|Any CPU
	EndGlobalSection
	GlobalSection(ProjectConfigurationPlatforms) = postSolution
		{FE95DDB2-BBF5-4694-87B7-3886843E4ED8}.Debug|Any CPU.ActiveCfg = Debug|Any CPU
		{FE95DDB2-BBF5-4694-87B7-3886843E4ED8}.Debug|Any CPU.Build.0 = Debug|Any CPU
		{FE95DDB2-BBF5-4694-87B7-3886843E4ED8}.Release|Any CPU.ActiveCfg = Release|Any CPU
		{FE95DDB2-BBF5-4694-87B7-3886843E4ED8}.Release|Any CPU.Build.0 = Release|Any CPU
	EndGlobalSection
	GlobalSection(SolutionProperties) = preSolution
		HideSolutionNode = FALSE
	EndGlobalSection
	GlobalSection(ExtensibilityGlobals) = postSolution
		SolutionGuid = {A3382D11-90C9-46A6-B4FA-0CB7DF9B51C8}
	EndGlobalSection
EndGlobal
